{
  "name": "seba_pagina_web",
  "version": "1.0.0",
  "lockfileVersion": 1,
  "requires": true,
  "dependencies": {
    "bulma": {
      "version": "0.9.4",
      "resolved": "https://registry.npmjs.org/bulma/-/bulma-0.9.4.tgz",
      "integrity": "sha512-86FlT5+1GrsgKbPLRRY7cGDg8fsJiP/jzTqXXVqiUZZ2aZT8uemEOHlU1CDU+TxklPEZ11HZNNWclRBBecP4CQ=="
    },
    "tinymce": {
      "version": "6.0.3",
      "resolved": "https://registry.npmjs.org/tinymce/-/tinymce-6.0.3.tgz",
      "integrity": "sha512-4cu80kWF7nRGhviE10poZtjTkl3jNL+lycilCMfdm3KU5V7FtiQQrKbEo6GInXT05RY78Ha/NFP0gOBELcSpfg=="
    }
  }
}
