{
  "name": "mentes-libres",
  "lockfileVersion": 2,
  "requires": true,
  "packages": {
    "": {
      "dependencies": {
        "now-php": "^0.0.7",
        "vercel-php": "^0.4.0"
      }
    },
    "node_modules/@libphp/amazon-linux-2-v80": {
      "version": "0.0.4",
      "resolved": "https://registry.npmjs.org/@libphp/amazon-linux-2-v80/-/amazon-linux-2-v80-0.0.4.tgz",
      "integrity": "sha512-scly7ciJBrBJP6Et0llt/pKR+t93KSyXmsyEfzuYjq2kdI04AMyifpIuA3MbEapYHC496ECpk2kJlhbiPeLssQ=="
    },
    "node_modules/@now-php/lib-73": {
      "version": "0.0.2-canary.3",
      "resolved": "https://registry.npmjs.org/@now-php/lib-73/-/lib-73-0.0.2-canary.3.tgz",
      "integrity": "sha512-aEvBXB/ELr6fOX4EAV3X/mvLqqQDslTXvnVG+Zz8hBO9KXS5it5MB+fghqNCNUdmaKDEwdQFJbAj4I7b7TQ4JQ==",
      "dependencies": {
        "@now/build-utils": "^0.9.4"
      }
    },
    "node_modules/@now/build-utils": {
      "version": "0.9.14",
      "resolved": "https://registry.npmjs.org/@now/build-utils/-/build-utils-0.9.14.tgz",
      "integrity": "sha512-fDyo/1Zb2StDhFKfoNf+M9nY5RhfuofpGXVwL8IjYUodze1VPDFX039Ut8zUVlujIFkSl8QMl8iu9fYr0H2ERg==",
      "deprecated": "\"@now/build-utils\" is deprecated and will stop receiving updates January 2021. Please use \"@vercel/build-utils\" instead."
    },
    "node_modules/now-php": {
      "version": "0.0.7",
      "resolved": "https://registry.npmjs.org/now-php/-/now-php-0.0.7.tgz",
      "integrity": "sha512-sAQeRfzekJCP99/ygpXlUVzR1BLhcsENAfsl6K5KZxO7S6vLYAS6G/rHaMLB/giSi2GP4TRSEfiBWPXSlGNZSQ==",
      "dependencies": {
        "@now-php/lib-73": "canary"
      }
    },
    "node_modules/vercel-php": {
      "version": "0.4.0",
      "resolved": "https://registry.npmjs.org/vercel-php/-/vercel-php-0.4.0.tgz",
      "integrity": "sha512-h5i75/ft1fB6tDb8R9qsa4+13wnVZzoAY3bx6To46PCfJwRfcOQ5nLzVSUH4VzVjnWEoFHVlm6dRui4WYi13zA==",
      "dependencies": {
        "@libphp/amazon-linux-2-v80": "latest"
      }
    }
  },
  "dependencies": {
    "@libphp/amazon-linux-2-v80": {
      "version": "0.0.4",
      "resolved": "https://registry.npmjs.org/@libphp/amazon-linux-2-v80/-/amazon-linux-2-v80-0.0.4.tgz",
      "integrity": "sha512-scly7ciJBrBJP6Et0llt/pKR+t93KSyXmsyEfzuYjq2kdI04AMyifpIuA3MbEapYHC496ECpk2kJlhbiPeLssQ=="
    },
    "@now-php/lib-73": {
      "version": "0.0.2-canary.3",
      "resolved": "https://registry.npmjs.org/@now-php/lib-73/-/lib-73-0.0.2-canary.3.tgz",
      "integrity": "sha512-aEvBXB/ELr6fOX4EAV3X/mvLqqQDslTXvnVG+Zz8hBO9KXS5it5MB+fghqNCNUdmaKDEwdQFJbAj4I7b7TQ4JQ==",
      "requires": {
        "@now/build-utils": "^0.9.4"
      }
    },
    "@now/build-utils": {
      "version": "0.9.14",
      "resolved": "https://registry.npmjs.org/@now/build-utils/-/build-utils-0.9.14.tgz",
      "integrity": "sha512-fDyo/1Zb2StDhFKfoNf+M9nY5RhfuofpGXVwL8IjYUodze1VPDFX039Ut8zUVlujIFkSl8QMl8iu9fYr0H2ERg=="
    },
    "now-php": {
      "version": "0.0.7",
      "resolved": "https://registry.npmjs.org/now-php/-/now-php-0.0.7.tgz",
      "integrity": "sha512-sAQeRfzekJCP99/ygpXlUVzR1BLhcsENAfsl6K5KZxO7S6vLYAS6G/rHaMLB/giSi2GP4TRSEfiBWPXSlGNZSQ==",
      "requires": {
        "@now-php/lib-73": "canary"
      }
    },
    "vercel-php": {
      "version": "0.4.0",
      "resolved": "https://registry.npmjs.org/vercel-php/-/vercel-php-0.4.0.tgz",
      "integrity": "sha512-h5i75/ft1fB6tDb8R9qsa4+13wnVZzoAY3bx6To46PCfJwRfcOQ5nLzVSUH4VzVjnWEoFHVlm6dRui4WYi13zA==",
      "requires": {
        "@libphp/amazon-linux-2-v80": "latest"
      }
    }
  }
}
