{
  "name": "mentes-libres",
  "lockfileVersion": 2,
  "requires": true,
  "packages": {
    "": {
      "dependencies": {
        "now-php": "^0.0.7",
        "vercel-php": "^0.5.2"
      }
    },
    "node_modules/@libphp/amazon-linux-2-v81": {
      "version": "0.0.1",
      "resolved": "https://registry.npmjs.org/@libphp/amazon-linux-2-v81/-/amazon-linux-2-v81-0.0.1.tgz",
      "integrity": "sha512-cR7w79FZr91x1ur0eR5DWX+Wb1hDuYdxzka6vIzUMMmsuW1NBaEpwDQu4icJizNVS26NwpUtDTJGIoEomBiYxA=="
    },
    "node_modules/@now-php/lib-73": {
      "version": "0.0.2-canary.3",
      "resolved": "https://registry.npmjs.org/@now-php/lib-73/-/lib-73-0.0.2-canary.3.tgz",
      "integrity": "sha512-aEvBXB/ELr6fOX4EAV3X/mvLqqQDslTXvnVG+Zz8hBO9KXS5it5MB+fghqNCNUdmaKDEwdQFJbAj4I7b7TQ4JQ==",
      "dependencies": {
        "@now/build-utils": "^0.9.4"
      }
    },
    "node_modules/@now/build-utils": {
      "version": "0.9.14",
      "resolved": "https://registry.npmjs.org/@now/build-utils/-/build-utils-0.9.14.tgz",
      "integrity": "sha512-fDyo/1Zb2StDhFKfoNf+M9nY5RhfuofpGXVwL8IjYUodze1VPDFX039Ut8zUVlujIFkSl8QMl8iu9fYr0H2ERg==",
      "deprecated": "\"@now/build-utils\" is deprecated and will stop receiving updates January 2021. Please use \"@vercel/build-utils\" instead."
    },
    "node_modules/now-php": {
      "version": "0.0.7",
      "resolved": "https://registry.npmjs.org/now-php/-/now-php-0.0.7.tgz",
      "integrity": "sha512-sAQeRfzekJCP99/ygpXlUVzR1BLhcsENAfsl6K5KZxO7S6vLYAS6G/rHaMLB/giSi2GP4TRSEfiBWPXSlGNZSQ==",
      "dependencies": {
        "@now-php/lib-73": "canary"
      }
    },
    "node_modules/vercel-php": {
      "version": "0.5.2",
      "resolved": "https://registry.npmjs.org/vercel-php/-/vercel-php-0.5.2.tgz",
      "integrity": "sha512-N4Ty0nD6s855hdDZhATAdRtku9hKfZtzZjT8xWbZgp+WQedPsJ3QWl/fX7nk6y/bcOOgL+H2CaBSd1zPjKi9TQ==",
      "dependencies": {
        "@libphp/amazon-linux-2-v81": "latest"
      }
    }
  },
  "dependencies": {
    "@libphp/amazon-linux-2-v81": {
      "version": "0.0.1",
      "resolved": "https://registry.npmjs.org/@libphp/amazon-linux-2-v81/-/amazon-linux-2-v81-0.0.1.tgz",
      "integrity": "sha512-cR7w79FZr91x1ur0eR5DWX+Wb1hDuYdxzka6vIzUMMmsuW1NBaEpwDQu4icJizNVS26NwpUtDTJGIoEomBiYxA=="
    },
    "@now-php/lib-73": {
      "version": "0.0.2-canary.3",
      "resolved": "https://registry.npmjs.org/@now-php/lib-73/-/lib-73-0.0.2-canary.3.tgz",
      "integrity": "sha512-aEvBXB/ELr6fOX4EAV3X/mvLqqQDslTXvnVG+Zz8hBO9KXS5it5MB+fghqNCNUdmaKDEwdQFJbAj4I7b7TQ4JQ==",
      "requires": {
        "@now/build-utils": "^0.9.4"
      }
    },
    "@now/build-utils": {
      "version": "0.9.14",
      "resolved": "https://registry.npmjs.org/@now/build-utils/-/build-utils-0.9.14.tgz",
      "integrity": "sha512-fDyo/1Zb2StDhFKfoNf+M9nY5RhfuofpGXVwL8IjYUodze1VPDFX039Ut8zUVlujIFkSl8QMl8iu9fYr0H2ERg=="
    },
    "now-php": {
      "version": "0.0.7",
      "resolved": "https://registry.npmjs.org/now-php/-/now-php-0.0.7.tgz",
      "integrity": "sha512-sAQeRfzekJCP99/ygpXlUVzR1BLhcsENAfsl6K5KZxO7S6vLYAS6G/rHaMLB/giSi2GP4TRSEfiBWPXSlGNZSQ==",
      "requires": {
        "@now-php/lib-73": "canary"
      }
    },
    "vercel-php": {
      "version": "0.5.2",
      "resolved": "https://registry.npmjs.org/vercel-php/-/vercel-php-0.5.2.tgz",
      "integrity": "sha512-N4Ty0nD6s855hdDZhATAdRtku9hKfZtzZjT8xWbZgp+WQedPsJ3QWl/fX7nk6y/bcOOgL+H2CaBSd1zPjKi9TQ==",
      "requires": {
        "@libphp/amazon-linux-2-v81": "latest"
      }
    }
  }
}
